
Microsoft Visual Studio Solution File, Format Version 12.00
# Visual Studio 15
VisualStudioVersion = 15.0.27703.2047
MinimumVisualStudioVersion = 10.0.40219.1
Project("{FAE04EC0-301F-11D3-BF4B-00C04F79EFBC}") = "Ej11Guia_Clase02_MetodosEstaticos", "Ej11Guia_Clase02_MetodosEstaticos\Ej11Guia_Clase02_MetodosEstaticos.csproj", "{456363EC-7EA7-4E38-B032-222CF15FCC74}"
EndProject
Global
	GlobalSection(SolutionConfigurationPlatforms) = preSolution
		Debug|Any CPU = Debug|Any CPU
		Release|Any CPU = Release|Any CPU
	EndGlobalSection
	GlobalSection(ProjectConfigurationPlatforms) = postSolution
		{456363EC-7EA7-4E38-B032-222CF15FCC74}.Debug|Any CPU.ActiveCfg = Debug|Any CPU
		{456363EC-7EA7-4E38-B032-222CF15FCC74}.Debug|Any CPU.Build.0 = Debug|Any CPU
		{456363EC-7EA7-4E38-B032-222CF15FCC74}.Release|Any CPU.ActiveCfg = Release|Any CPU
		{456363EC-7EA7-4E38-B032-222CF15FCC74}.Release|Any CPU.Build.0 = Release|Any CPU
	EndGlobalSection
	GlobalSection(SolutionProperties) = preSolution
		HideSolutionNode = FALSE
	EndGlobalSection
	GlobalSection(ExtensibilityGlobals) = postSolution
		SolutionGuid = {498F2A31-E663-4C47-8524-702F779953D9}
	EndGlobalSection
EndGlobal
