
Microsoft Visual Studio Solution File, Format Version 12.00
# Visual Studio 15
VisualStudioVersion = 15.0.27703.2047
MinimumVisualStudioVersion = 10.0.40219.1
Project("{FAE04EC0-301F-11D3-BF4B-00C04F79EFBC}") = "Ej22Guia_SobrecargaOperadores_Clase06", "Ej22Guia_SobrecargaOperadores_Clase06\Ej22Guia_SobrecargaOperadores_Clase06.csproj", "{50FAECF4-AE3B-48F2-8661-9510111C0223}"
EndProject
Project("{FAE04EC0-301F-11D3-BF4B-00C04F79EFBC}") = "BasesNumericas", "BasesNumericas\BasesNumericas.csproj", "{500C61BD-ABA0-4BBF-8D37-A95D677AE658}"
EndProject
Global
	GlobalSection(SolutionConfigurationPlatforms) = preSolution
		Debug|Any CPU = Debug|Any CPU
		Release|Any CPU = Release|Any CPU
	EndGlobalSection
	GlobalSection(ProjectConfigurationPlatforms) = postSolution
		{50FAECF4-AE3B-48F2-8661-9510111C0223}.Debug|Any CPU.ActiveCfg = Debug|Any CPU
		{50FAECF4-AE3B-48F2-8661-9510111C0223}.Debug|Any CPU.Build.0 = Debug|Any CPU
		{50FAECF4-AE3B-48F2-8661-9510111C0223}.Release|Any CPU.ActiveCfg = Release|Any CPU
		{50FAECF4-AE3B-48F2-8661-9510111C0223}.Release|Any CPU.Build.0 = Release|Any CPU
		{500C61BD-ABA0-4BBF-8D37-A95D677AE658}.Debug|Any CPU.ActiveCfg = Debug|Any CPU
		{500C61BD-ABA0-4BBF-8D37-A95D677AE658}.Debug|Any CPU.Build.0 = Debug|Any CPU
		{500C61BD-ABA0-4BBF-8D37-A95D677AE658}.Release|Any CPU.ActiveCfg = Release|Any CPU
		{500C61BD-ABA0-4BBF-8D37-A95D677AE658}.Release|Any CPU.Build.0 = Release|Any CPU
	EndGlobalSection
	GlobalSection(SolutionProperties) = preSolution
		HideSolutionNode = FALSE
	EndGlobalSection
	GlobalSection(ExtensibilityGlobals) = postSolution
		SolutionGuid = {91FFB606-FCAE-4C06-9008-2A46677A7971}
	EndGlobalSection
EndGlobal
