
Microsoft Visual Studio Solution File, Format Version 12.00
# Visual Studio 15
VisualStudioVersion = 15.0.27703.2047
MinimumVisualStudioVersion = 10.0.40219.1
Project("{FAE04EC0-301F-11D3-BF4B-00C04F79EFBC}") = "Ej44Guia_TestUnitarios_Clase18", "Ej44Guia_TestUnitarios_Clase18\Ej44Guia_TestUnitarios_Clase18.csproj", "{7C2732B3-532F-4F11-AFF0-606948190E6A}"
EndProject
Project("{FAE04EC0-301F-11D3-BF4B-00C04F79EFBC}") = "CentralTelefonica", "CentralTelefonica\CentralTelefonica.csproj", "{4859F00C-2E85-4B35-82CA-C52E8DBD7310}"
EndProject
Project("{FAE04EC0-301F-11D3-BF4B-00C04F79EFBC}") = "Ej41Guia_Excepciones_Clase15", "Ej41Guia_Excepciones_Clase15\Ej41Guia_Excepciones_Clase15.csproj", "{C0AACAFF-224D-45EF-8548-1993F6B8FAC1}"
EndProject
Global
	GlobalSection(SolutionConfigurationPlatforms) = preSolution
		Debug|Any CPU = Debug|Any CPU
		Release|Any CPU = Release|Any CPU
	EndGlobalSection
	GlobalSection(ProjectConfigurationPlatforms) = postSolution
		{7C2732B3-532F-4F11-AFF0-606948190E6A}.Debug|Any CPU.ActiveCfg = Debug|Any CPU
		{7C2732B3-532F-4F11-AFF0-606948190E6A}.Debug|Any CPU.Build.0 = Debug|Any CPU
		{7C2732B3-532F-4F11-AFF0-606948190E6A}.Release|Any CPU.ActiveCfg = Release|Any CPU
		{7C2732B3-532F-4F11-AFF0-606948190E6A}.Release|Any CPU.Build.0 = Release|Any CPU
		{4859F00C-2E85-4B35-82CA-C52E8DBD7310}.Debug|Any CPU.ActiveCfg = Debug|Any CPU
		{4859F00C-2E85-4B35-82CA-C52E8DBD7310}.Debug|Any CPU.Build.0 = Debug|Any CPU
		{4859F00C-2E85-4B35-82CA-C52E8DBD7310}.Release|Any CPU.ActiveCfg = Release|Any CPU
		{4859F00C-2E85-4B35-82CA-C52E8DBD7310}.Release|Any CPU.Build.0 = Release|Any CPU
		{C0AACAFF-224D-45EF-8548-1993F6B8FAC1}.Debug|Any CPU.ActiveCfg = Debug|Any CPU
		{C0AACAFF-224D-45EF-8548-1993F6B8FAC1}.Debug|Any CPU.Build.0 = Debug|Any CPU
		{C0AACAFF-224D-45EF-8548-1993F6B8FAC1}.Release|Any CPU.ActiveCfg = Release|Any CPU
		{C0AACAFF-224D-45EF-8548-1993F6B8FAC1}.Release|Any CPU.Build.0 = Release|Any CPU
	EndGlobalSection
	GlobalSection(SolutionProperties) = preSolution
		HideSolutionNode = FALSE
	EndGlobalSection
	GlobalSection(ExtensibilityGlobals) = postSolution
		SolutionGuid = {39A3AC07-001A-48A9-97A0-D177942C8683}
	EndGlobalSection
EndGlobal
