
Microsoft Visual Studio Solution File, Format Version 12.00
# Visual Studio 15
VisualStudioVersion = 15.0.27703.2047
MinimumVisualStudioVersion = 10.0.40219.1
Project("{FAE04EC0-301F-11D3-BF4B-00C04F79EFBC}") = "IntroBaseDeDatos", "IntroBaseDeDatos\IntroBaseDeDatos.csproj", "{DA888E47-BD74-4A39-B67D-A3E27F9B8577}"
EndProject
Project("{FAE04EC0-301F-11D3-BF4B-00C04F79EFBC}") = "Program.cs", "Program.cs\Program.cs.csproj", "{E8D3A24B-149D-4DFE-B214-6F2CA7955B15}"
EndProject
Global
	GlobalSection(SolutionConfigurationPlatforms) = preSolution
		Debug|Any CPU = Debug|Any CPU
		Release|Any CPU = Release|Any CPU
	EndGlobalSection
	GlobalSection(ProjectConfigurationPlatforms) = postSolution
		{DA888E47-BD74-4A39-B67D-A3E27F9B8577}.Debug|Any CPU.ActiveCfg = Debug|Any CPU
		{DA888E47-BD74-4A39-B67D-A3E27F9B8577}.Debug|Any CPU.Build.0 = Debug|Any CPU
		{DA888E47-BD74-4A39-B67D-A3E27F9B8577}.Release|Any CPU.ActiveCfg = Release|Any CPU
		{DA888E47-BD74-4A39-B67D-A3E27F9B8577}.Release|Any CPU.Build.0 = Release|Any CPU
		{E8D3A24B-149D-4DFE-B214-6F2CA7955B15}.Debug|Any CPU.ActiveCfg = Debug|Any CPU
		{E8D3A24B-149D-4DFE-B214-6F2CA7955B15}.Debug|Any CPU.Build.0 = Debug|Any CPU
		{E8D3A24B-149D-4DFE-B214-6F2CA7955B15}.Release|Any CPU.ActiveCfg = Release|Any CPU
		{E8D3A24B-149D-4DFE-B214-6F2CA7955B15}.Release|Any CPU.Build.0 = Release|Any CPU
	EndGlobalSection
	GlobalSection(SolutionProperties) = preSolution
		HideSolutionNode = FALSE
	EndGlobalSection
	GlobalSection(ExtensibilityGlobals) = postSolution
		SolutionGuid = {DD66CE80-1C2F-4ED6-8572-789F3C80EC10}
	EndGlobalSection
EndGlobal
