
Microsoft Visual Studio Solution File, Format Version 12.00
# Visual Studio 15
VisualStudioVersion = 15.0.27703.2047
MinimumVisualStudioVersion = 10.0.40219.1
Project("{FAE04EC0-301F-11D3-BF4B-00C04F79EFBC}") = "Ej13Guia_Clase02_MetodosEstaticos", "Ej13Guia_Clase02_MetodosEstaticos\Ej13Guia_Clase02_MetodosEstaticos.csproj", "{157EB0A8-0F45-431C-A1A4-099230035917}"
EndProject
Global
	GlobalSection(SolutionConfigurationPlatforms) = preSolution
		Debug|Any CPU = Debug|Any CPU
		Release|Any CPU = Release|Any CPU
	EndGlobalSection
	GlobalSection(ProjectConfigurationPlatforms) = postSolution
		{157EB0A8-0F45-431C-A1A4-099230035917}.Debug|Any CPU.ActiveCfg = Debug|Any CPU
		{157EB0A8-0F45-431C-A1A4-099230035917}.Debug|Any CPU.Build.0 = Debug|Any CPU
		{157EB0A8-0F45-431C-A1A4-099230035917}.Release|Any CPU.ActiveCfg = Release|Any CPU
		{157EB0A8-0F45-431C-A1A4-099230035917}.Release|Any CPU.Build.0 = Release|Any CPU
	EndGlobalSection
	GlobalSection(SolutionProperties) = preSolution
		HideSolutionNode = FALSE
	EndGlobalSection
	GlobalSection(ExtensibilityGlobals) = postSolution
		SolutionGuid = {418106E0-81A2-4DE8-9502-9613D826A974}
	EndGlobalSection
EndGlobal
