
Microsoft Visual Studio Solution File, Format Version 12.00
# Visual Studio 15
VisualStudioVersion = 15.0.27703.2047
MinimumVisualStudioVersion = 10.0.40219.1
Project("{FAE04EC0-301F-11D3-BF4B-00C04F79EFBC}") = "Ej40Guia_Polimorfismo_Clase11", "Ej40Guia_Polimorfismo_Clase11\Ej40Guia_Polimorfismo_Clase11.csproj", "{D671ADAC-5090-409C-9E13-609FC5275CFD}"
EndProject
Global
	GlobalSection(SolutionConfigurationPlatforms) = preSolution
		Debug|Any CPU = Debug|Any CPU
		Release|Any CPU = Release|Any CPU
	EndGlobalSection
	GlobalSection(ProjectConfigurationPlatforms) = postSolution
		{D671ADAC-5090-409C-9E13-609FC5275CFD}.Debug|Any CPU.ActiveCfg = Debug|Any CPU
		{D671ADAC-5090-409C-9E13-609FC5275CFD}.Debug|Any CPU.Build.0 = Debug|Any CPU
		{D671ADAC-5090-409C-9E13-609FC5275CFD}.Release|Any CPU.ActiveCfg = Release|Any CPU
		{D671ADAC-5090-409C-9E13-609FC5275CFD}.Release|Any CPU.Build.0 = Release|Any CPU
	EndGlobalSection
	GlobalSection(SolutionProperties) = preSolution
		HideSolutionNode = FALSE
	EndGlobalSection
	GlobalSection(ExtensibilityGlobals) = postSolution
		SolutionGuid = {F8B993D3-0BE4-42D4-A381-70BF71A12AE5}
	EndGlobalSection
EndGlobal
