
Microsoft Visual Studio Solution File, Format Version 12.00
# Visual Studio 15
VisualStudioVersion = 15.0.27703.2047
MinimumVisualStudioVersion = 10.0.40219.1
Project("{FAE04EC0-301F-11D3-BF4B-00C04F79EFBC}") = "CentralitaHerencia", "CentralitaHerencia\CentralitaHerencia.csproj", "{10E15A05-50C8-46B4-A31A-1C047BA60941}"
EndProject
Project("{FAE04EC0-301F-11D3-BF4B-00C04F79EFBC}") = "Test", "Test\Test.csproj", "{BEF76075-1DA9-4C57-A6AA-07578D3C212C}"
EndProject
Global
	GlobalSection(SolutionConfigurationPlatforms) = preSolution
		Debug|Any CPU = Debug|Any CPU
		Release|Any CPU = Release|Any CPU
	EndGlobalSection
	GlobalSection(ProjectConfigurationPlatforms) = postSolution
		{10E15A05-50C8-46B4-A31A-1C047BA60941}.Debug|Any CPU.ActiveCfg = Debug|Any CPU
		{10E15A05-50C8-46B4-A31A-1C047BA60941}.Debug|Any CPU.Build.0 = Debug|Any CPU
		{10E15A05-50C8-46B4-A31A-1C047BA60941}.Release|Any CPU.ActiveCfg = Release|Any CPU
		{10E15A05-50C8-46B4-A31A-1C047BA60941}.Release|Any CPU.Build.0 = Release|Any CPU
		{BEF76075-1DA9-4C57-A6AA-07578D3C212C}.Debug|Any CPU.ActiveCfg = Debug|Any CPU
		{BEF76075-1DA9-4C57-A6AA-07578D3C212C}.Debug|Any CPU.Build.0 = Debug|Any CPU
		{BEF76075-1DA9-4C57-A6AA-07578D3C212C}.Release|Any CPU.ActiveCfg = Release|Any CPU
		{BEF76075-1DA9-4C57-A6AA-07578D3C212C}.Release|Any CPU.Build.0 = Release|Any CPU
	EndGlobalSection
	GlobalSection(SolutionProperties) = preSolution
		HideSolutionNode = FALSE
	EndGlobalSection
	GlobalSection(ExtensibilityGlobals) = postSolution
		SolutionGuid = {D16EFF8D-B322-40E4-863E-6B3750A86026}
	EndGlobalSection
EndGlobal
