
Microsoft Visual Studio Solution File, Format Version 12.00
# Visual Studio 15
VisualStudioVersion = 15.0.27703.2047
MinimumVisualStudioVersion = 10.0.40219.1
Project("{FAE04EC0-301F-11D3-BF4B-00C04F79EFBC}") = "Ej01Guia_Clase01", "Ej01Guia_Clase01\Ej01Guia_Clase01.csproj", "{FA899409-000E-48C3-B1E4-BB6D0333D96A}"
EndProject
Global
	GlobalSection(SolutionConfigurationPlatforms) = preSolution
		Debug|Any CPU = Debug|Any CPU
		Release|Any CPU = Release|Any CPU
	EndGlobalSection
	GlobalSection(ProjectConfigurationPlatforms) = postSolution
		{FA899409-000E-48C3-B1E4-BB6D0333D96A}.Debug|Any CPU.ActiveCfg = Debug|Any CPU
		{FA899409-000E-48C3-B1E4-BB6D0333D96A}.Debug|Any CPU.Build.0 = Debug|Any CPU
		{FA899409-000E-48C3-B1E4-BB6D0333D96A}.Release|Any CPU.ActiveCfg = Release|Any CPU
		{FA899409-000E-48C3-B1E4-BB6D0333D96A}.Release|Any CPU.Build.0 = Release|Any CPU
	EndGlobalSection
	GlobalSection(SolutionProperties) = preSolution
		HideSolutionNode = FALSE
	EndGlobalSection
	GlobalSection(ExtensibilityGlobals) = postSolution
		SolutionGuid = {61A4E3DC-F8D6-4167-87A8-5C94EFC4C132}
	EndGlobalSection
EndGlobal
