
Microsoft Visual Studio Solution File, Format Version 12.00
# Visual Studio Version 16
VisualStudioVersion = 16.0.29209.62
MinimumVisualStudioVersion = 10.0.40219.1
Project("{FAE04EC0-301F-11D3-BF4B-00C04F79EFBC}") = "Ej32Guia_Encapsulamiento", "Ej32Guia_Encapsulamiento\Ej32Guia_Encapsulamiento.csproj", "{11FF6E49-C2DA-462B-BB9D-A9C00DECE268}"
EndProject
Global
	GlobalSection(SolutionConfigurationPlatforms) = preSolution
		Debug|Any CPU = Debug|Any CPU
		Release|Any CPU = Release|Any CPU
	EndGlobalSection
	GlobalSection(ProjectConfigurationPlatforms) = postSolution
		{11FF6E49-C2DA-462B-BB9D-A9C00DECE268}.Debug|Any CPU.ActiveCfg = Debug|Any CPU
		{11FF6E49-C2DA-462B-BB9D-A9C00DECE268}.Debug|Any CPU.Build.0 = Debug|Any CPU
		{11FF6E49-C2DA-462B-BB9D-A9C00DECE268}.Release|Any CPU.ActiveCfg = Release|Any CPU
		{11FF6E49-C2DA-462B-BB9D-A9C00DECE268}.Release|Any CPU.Build.0 = Release|Any CPU
	EndGlobalSection
	GlobalSection(SolutionProperties) = preSolution
		HideSolutionNode = FALSE
	EndGlobalSection
	GlobalSection(ExtensibilityGlobals) = postSolution
		SolutionGuid = {A2A4D9DE-495C-4516-80A3-C8F08C36BF5B}
	EndGlobalSection
EndGlobal
