
Microsoft Visual Studio Solution File, Format Version 12.00
# Visual Studio Version 16
VisualStudioVersion = 16.0.29209.62
MinimumVisualStudioVersion = 10.0.40219.1
Project("{FAE04EC0-301F-11D3-BF4B-00C04F79EFBC}") = "Ej34Guia_Herencia", "Ej34Guia_Herencia\Ej34Guia_Herencia.csproj", "{1D2A8730-E4F7-4465-B4F4-C5290A9B45F8}"
EndProject
Global
	GlobalSection(SolutionConfigurationPlatforms) = preSolution
		Debug|Any CPU = Debug|Any CPU
		Release|Any CPU = Release|Any CPU
	EndGlobalSection
	GlobalSection(ProjectConfigurationPlatforms) = postSolution
		{1D2A8730-E4F7-4465-B4F4-C5290A9B45F8}.Debug|Any CPU.ActiveCfg = Debug|Any CPU
		{1D2A8730-E4F7-4465-B4F4-C5290A9B45F8}.Debug|Any CPU.Build.0 = Debug|Any CPU
		{1D2A8730-E4F7-4465-B4F4-C5290A9B45F8}.Release|Any CPU.ActiveCfg = Release|Any CPU
		{1D2A8730-E4F7-4465-B4F4-C5290A9B45F8}.Release|Any CPU.Build.0 = Release|Any CPU
	EndGlobalSection
	GlobalSection(SolutionProperties) = preSolution
		HideSolutionNode = FALSE
	EndGlobalSection
	GlobalSection(ExtensibilityGlobals) = postSolution
		SolutionGuid = {1293B738-CC0B-476E-9887-27170871BD4E}
	EndGlobalSection
EndGlobal
