
Microsoft Visual Studio Solution File, Format Version 12.00
# Visual Studio Version 16
VisualStudioVersion = 16.0.29209.62
MinimumVisualStudioVersion = 10.0.40219.1
Project("{FAE04EC0-301F-11D3-BF4B-00C04F79EFBC}") = "Ej28Guia_Colecciones_Clase07", "Ej28Guia_Arrays_Colecciones_Clase07\Ej28Guia_Colecciones_Clase07.csproj", "{51760128-2814-4EAD-BECB-74F3484802A0}"
EndProject
Global
	GlobalSection(SolutionConfigurationPlatforms) = preSolution
		Debug|Any CPU = Debug|Any CPU
		Release|Any CPU = Release|Any CPU
	EndGlobalSection
	GlobalSection(ProjectConfigurationPlatforms) = postSolution
		{51760128-2814-4EAD-BECB-74F3484802A0}.Debug|Any CPU.ActiveCfg = Debug|Any CPU
		{51760128-2814-4EAD-BECB-74F3484802A0}.Debug|Any CPU.Build.0 = Debug|Any CPU
		{51760128-2814-4EAD-BECB-74F3484802A0}.Release|Any CPU.ActiveCfg = Release|Any CPU
		{51760128-2814-4EAD-BECB-74F3484802A0}.Release|Any CPU.Build.0 = Release|Any CPU
	EndGlobalSection
	GlobalSection(SolutionProperties) = preSolution
		HideSolutionNode = FALSE
	EndGlobalSection
	GlobalSection(ExtensibilityGlobals) = postSolution
		SolutionGuid = {17E639D7-C11D-459D-AA63-58C7B974EBEA}
	EndGlobalSection
EndGlobal
