
Microsoft Visual Studio Solution File, Format Version 12.00
# Visual Studio 15
VisualStudioVersion = 15.0.27703.2047
MinimumVisualStudioVersion = 10.0.40219.1
Project("{FAE04EC0-301F-11D3-BF4B-00C04F79EFBC}") = "Ej48Guia_Generics_Clase20", "Ej48Guia_Generics_Clase20\Ej48Guia_Generics_Clase20.csproj", "{633A0A32-C0C8-44DC-B575-C4F200CE9F87}"
EndProject
Global
	GlobalSection(SolutionConfigurationPlatforms) = preSolution
		Debug|Any CPU = Debug|Any CPU
		Release|Any CPU = Release|Any CPU
	EndGlobalSection
	GlobalSection(ProjectConfigurationPlatforms) = postSolution
		{633A0A32-C0C8-44DC-B575-C4F200CE9F87}.Debug|Any CPU.ActiveCfg = Debug|Any CPU
		{633A0A32-C0C8-44DC-B575-C4F200CE9F87}.Debug|Any CPU.Build.0 = Debug|Any CPU
		{633A0A32-C0C8-44DC-B575-C4F200CE9F87}.Release|Any CPU.ActiveCfg = Release|Any CPU
		{633A0A32-C0C8-44DC-B575-C4F200CE9F87}.Release|Any CPU.Build.0 = Release|Any CPU
	EndGlobalSection
	GlobalSection(SolutionProperties) = preSolution
		HideSolutionNode = FALSE
	EndGlobalSection
	GlobalSection(ExtensibilityGlobals) = postSolution
		SolutionGuid = {76C6945C-FA34-48C2-8C45-17762634CC4A}
	EndGlobalSection
EndGlobal
