
Microsoft Visual Studio Solution File, Format Version 12.00
# Visual Studio 15
VisualStudioVersion = 15.0.27703.2047
MinimumVisualStudioVersion = 10.0.40219.1
Project("{FAE04EC0-301F-11D3-BF4B-00C04F79EFBC}") = "Ej05Guia_Clase02", "Ej05Guia_Clase02\Ej05Guia_Clase02.csproj", "{145FDCF9-0630-4F24-8C2E-92E3AC967701}"
EndProject
Global
	GlobalSection(SolutionConfigurationPlatforms) = preSolution
		Debug|Any CPU = Debug|Any CPU
		Release|Any CPU = Release|Any CPU
	EndGlobalSection
	GlobalSection(ProjectConfigurationPlatforms) = postSolution
		{145FDCF9-0630-4F24-8C2E-92E3AC967701}.Debug|Any CPU.ActiveCfg = Debug|Any CPU
		{145FDCF9-0630-4F24-8C2E-92E3AC967701}.Debug|Any CPU.Build.0 = Debug|Any CPU
		{145FDCF9-0630-4F24-8C2E-92E3AC967701}.Release|Any CPU.ActiveCfg = Release|Any CPU
		{145FDCF9-0630-4F24-8C2E-92E3AC967701}.Release|Any CPU.Build.0 = Release|Any CPU
	EndGlobalSection
	GlobalSection(SolutionProperties) = preSolution
		HideSolutionNode = FALSE
	EndGlobalSection
	GlobalSection(ExtensibilityGlobals) = postSolution
		SolutionGuid = {AE091539-9364-4F28-B21A-0B9E478F4231}
	EndGlobalSection
EndGlobal
